
Microsoft Visual Studio Solution File, Format Version 12.00
# Visual Studio 2012
Project("{FAE04EC0-301F-11D3-BF4B-00C04F79EFBC}") = "ConsoleApplication1", "ConsoleApplication1\ConsoleApplication1.csproj", "{79EE5F89-91D7-4B36-BC14-28D91688916F}"
EndProject
Project("{FAE04EC0-301F-11D3-BF4B-00C04F79EFBC}") = "BusStop.API", "BusStop.API\BusStop.API.csproj", "{FFD92ED5-FD37-49D2-9589-2C32B88B7268}"
EndProject
Project("{FAE04EC0-301F-11D3-BF4B-00C04F79EFBC}") = "BusStop.Contracts", "BusStop.Contracts\BusStop.Contracts.csproj", "{4EBCB2ED-68B6-474D-A437-6D99B5B918A3}"
EndProject
Project("{FAE04EC0-301F-11D3-BF4B-00C04F79EFBC}") = "BusStop.Backend", "BusStop.Backend\BusStop.Backend.csproj", "{F649712F-BCF6-453F-9F69-B939058B1EFF}"
EndProject
Project("{2150E333-8FDC-42A3-9474-1A3956D46DE8}") = "Automation", "Automation", "{BDE13825-08BB-4594-8453-A64994C04BA9}"
	ProjectSection(SolutionItems) = preProject
		cleanBuildFiles.bat = cleanBuildFiles.bat
	EndProjectSection
EndProject
Project("{FAE04EC0-301F-11D3-BF4B-00C04F79EFBC}") = "WebApplication.ServiceStack", "WebApplication.ServiceStack\WebApplication.ServiceStack.csproj", "{7A739A7F-FD0B-4470-8BF2-5D5767D3BB74}"
EndProject
Project("{FAE04EC0-301F-11D3-BF4B-00C04F79EFBC}") = "Common", "Common\Common.csproj", "{FCF1AC92-83B1-4C24-9E95-7C8D8F3D7DB6}"
EndProject
Project("{FAE04EC0-301F-11D3-BF4B-00C04F79EFBC}") = "WebServiceStack.Client", "WebServiceStack.Client\WebServiceStack.Client.csproj", "{57A8B8F7-8553-4AE1-9AF5-339C932331D8}"
EndProject
Global
	GlobalSection(SolutionConfigurationPlatforms) = preSolution
		Debug|Any CPU = Debug|Any CPU
		Release|Any CPU = Release|Any CPU
	EndGlobalSection
	GlobalSection(ProjectConfigurationPlatforms) = postSolution
		{79EE5F89-91D7-4B36-BC14-28D91688916F}.Debug|Any CPU.ActiveCfg = Debug|Any CPU
		{79EE5F89-91D7-4B36-BC14-28D91688916F}.Debug|Any CPU.Build.0 = Debug|Any CPU
		{79EE5F89-91D7-4B36-BC14-28D91688916F}.Release|Any CPU.ActiveCfg = Release|Any CPU
		{79EE5F89-91D7-4B36-BC14-28D91688916F}.Release|Any CPU.Build.0 = Release|Any CPU
		{FFD92ED5-FD37-49D2-9589-2C32B88B7268}.Debug|Any CPU.ActiveCfg = Debug|Any CPU
		{FFD92ED5-FD37-49D2-9589-2C32B88B7268}.Debug|Any CPU.Build.0 = Debug|Any CPU
		{FFD92ED5-FD37-49D2-9589-2C32B88B7268}.Release|Any CPU.ActiveCfg = Release|Any CPU
		{FFD92ED5-FD37-49D2-9589-2C32B88B7268}.Release|Any CPU.Build.0 = Release|Any CPU
		{4EBCB2ED-68B6-474D-A437-6D99B5B918A3}.Debug|Any CPU.ActiveCfg = Debug|Any CPU
		{4EBCB2ED-68B6-474D-A437-6D99B5B918A3}.Debug|Any CPU.Build.0 = Debug|Any CPU
		{4EBCB2ED-68B6-474D-A437-6D99B5B918A3}.Release|Any CPU.ActiveCfg = Release|Any CPU
		{4EBCB2ED-68B6-474D-A437-6D99B5B918A3}.Release|Any CPU.Build.0 = Release|Any CPU
		{F649712F-BCF6-453F-9F69-B939058B1EFF}.Debug|Any CPU.ActiveCfg = Debug|Any CPU
		{F649712F-BCF6-453F-9F69-B939058B1EFF}.Debug|Any CPU.Build.0 = Debug|Any CPU
		{F649712F-BCF6-453F-9F69-B939058B1EFF}.Release|Any CPU.ActiveCfg = Release|Any CPU
		{F649712F-BCF6-453F-9F69-B939058B1EFF}.Release|Any CPU.Build.0 = Release|Any CPU
		{7A739A7F-FD0B-4470-8BF2-5D5767D3BB74}.Debug|Any CPU.ActiveCfg = Debug|Any CPU
		{7A739A7F-FD0B-4470-8BF2-5D5767D3BB74}.Debug|Any CPU.Build.0 = Debug|Any CPU
		{7A739A7F-FD0B-4470-8BF2-5D5767D3BB74}.Release|Any CPU.ActiveCfg = Release|Any CPU
		{7A739A7F-FD0B-4470-8BF2-5D5767D3BB74}.Release|Any CPU.Build.0 = Release|Any CPU
		{FCF1AC92-83B1-4C24-9E95-7C8D8F3D7DB6}.Debug|Any CPU.ActiveCfg = Debug|Any CPU
		{FCF1AC92-83B1-4C24-9E95-7C8D8F3D7DB6}.Debug|Any CPU.Build.0 = Debug|Any CPU
		{FCF1AC92-83B1-4C24-9E95-7C8D8F3D7DB6}.Release|Any CPU.ActiveCfg = Release|Any CPU
		{FCF1AC92-83B1-4C24-9E95-7C8D8F3D7DB6}.Release|Any CPU.Build.0 = Release|Any CPU
		{57A8B8F7-8553-4AE1-9AF5-339C932331D8}.Debug|Any CPU.ActiveCfg = Debug|Any CPU
		{57A8B8F7-8553-4AE1-9AF5-339C932331D8}.Debug|Any CPU.Build.0 = Debug|Any CPU
		{57A8B8F7-8553-4AE1-9AF5-339C932331D8}.Release|Any CPU.ActiveCfg = Release|Any CPU
		{57A8B8F7-8553-4AE1-9AF5-339C932331D8}.Release|Any CPU.Build.0 = Release|Any CPU
	EndGlobalSection
	GlobalSection(SolutionProperties) = preSolution
		HideSolutionNode = FALSE
	EndGlobalSection
EndGlobal
